<?xml version="1.0" encoding="utf-8"?>
<Project ToolsVersion="Current" xmlns="http://schemas.microsoft.com/developer/msbuild/2003">
  <ItemGroup>
    <ClCompile Include="..\..\src\framework.cpp" />
    <ClCompile Include="..\..\src\game.cpp" />
    <ClCompile Include="..\..\src\image.cpp" />
    <ClCompile Include="..\..\src\input.cpp" />
    <ClCompile Include="..\..\src\main.cpp" />
    <ClCompile Include="..\..\src\synth.cpp" />
    <ClCompile Include="..\..\src\utils.cpp" />
    <ClCompile Include="..\..\src\utils\mapHandler.cpp" />
    <ClCompile Include="..\..\src\characterHandler.cpp" />
    <ClCompile Include="..\..\src\uiHandler.cpp" />
    <ClCompile Include="..\..\src\inventoryHandler.cpp" />
  </ItemGroup>
  <ItemGroup>
    <ClInclude Include="..\..\src\framework.h" />
    <ClInclude Include="..\..\src\game.h" />
    <ClInclude Include="..\..\src\image.h" />
    <ClInclude Include="..\..\src\includes.h" />
    <ClInclude Include="..\..\src\input.h" />
    <ClInclude Include="..\..\src\synth.h" />
    <ClInclude Include="..\..\src\utils.h" />
    <ClInclude Include="..\..\src\utils\mapHandler.h" />
    <ClInclude Include="..\..\src\characterHandler.h" />
    <ClInclude Include="..\..\src\uiHandler.h" />
    <ClInclude Include="..\..\src\inventoryHandler.h" />
    <ClInclude Include="..\..\src\utils\commonItems.h" />
  </ItemGroup>
</Project>